// !$*UTF8*$!
{
	archiveVersion = 1;
	classes = {
	};
	objectVersion = 50;
	objects = {

/* Begin PBXBuildFile section */
		043A1295232E3E6E00142302 /* AppDelegate.swift in Sources */ = {isa = PBXBuildFile; fileRef = 043A1294232E3E6E00142302 /* AppDelegate.swift */; };
		043A1297232E3E6E00142302 /* SceneDelegate.swift in Sources */ = {isa = PBXBuildFile; fileRef = 043A1296232E3E6E00142302 /* SceneDelegate.swift */; };
		043A1299232E3E6E00142302 /* Everything.swift in Sources */ = {isa = PBXBuildFile; fileRef = 043A1298232E3E6E00142302 /* Everything.swift */; };
		043A129B232E3E7100142302 /* Assets.xcassets in Resources */ = {isa = PBXBuildFile; fileRef = 043A129A232E3E7100142302 /* Assets.xcassets */; };
		043A129E232E3E7100142302 /* Preview Assets.xcassets in Resources */ = {isa = PBXBuildFile; fileRef = 043A129D232E3E7100142302 /* Preview Assets.xcassets */; };
		043A12A1232E3E7100142302 /* LaunchScreen.storyboard in Resources */ = {isa = PBXBuildFile; fileRef = 043A129F232E3E7100142302 /* LaunchScreen.storyboard */; };
/* End PBXBuildFile section */

/* Begin PBXFileReference section */
		043A1291232E3E6E00142302 /* HelloMobiconf.app */ = {isa = PBXFileReference; explicitFileType = wrapper.application; includeInIndex = 0; path = HelloMobiconf.app; sourceTree = BUILT_PRODUCTS_DIR; };
		043A1294232E3E6E00142302 /* AppDelegate.swift */ = {isa = PBXFileReference; lastKnownFileType = sourcecode.swift; path = AppDelegate.swift; sourceTree = "<group>"; };
		043A1296232E3E6E00142302 /* SceneDelegate.swift */ = {isa = PBXFileReference; lastKnownFileType = sourcecode.swift; path = SceneDelegate.swift; sourceTree = "<group>"; };
		043A1298232E3E6E00142302 /* Everything.swift */ = {isa = PBXFileReference; lastKnownFileType = sourcecode.swift; path = Everything.swift; sourceTree = "<group>"; };
		043A129A232E3E7100142302 /* Assets.xcassets */ = {isa = PBXFileReference; lastKnownFileType = folder.assetcatalog; path = Assets.xcassets; sourceTree = "<group>"; };
		043A129D232E3E7100142302 /* Preview Assets.xcassets */ = {isa = PBXFileReference; lastKnownFileType = folder.assetcatalog; path = "Preview Assets.xcassets"; sourceTree = "<group>"; };
		043A12A0232E3E7100142302 /* Base */ = {isa = PBXFileReference; lastKnownFileType = file.storyboard; name = Base; path = Base.lproj/LaunchScreen.storyboard; sourceTree = "<group>"; };
		043A12A2232E3E7100142302 /* Info.plist */ = {isa = PBXFileReference; lastKnownFileType = text.plist.xml; path = Info.plist; sourceTree = "<group>"; };
/* End PBXFileReference section */

/* Begin PBXFrameworksBuildPhase section */
		043A128E232E3E6E00142302 /* Frameworks */ = {
			isa = PBXFrameworksBuildPhase;
			buildActionMask = 2147483647;
			files = (
			);
			runOnlyForDeploymentPostprocessing = 0;
		};
/* End PBXFrameworksBuildPhase section */

/* Begin PBXGroup section */
		043A1288232E3E6E00142302 = {
			isa = PBXGroup;
			children = (
				043A1293232E3E6E00142302 /* HelloMobiconf */,
				043A1292232E3E6E00142302 /* Products */,
			);
			sourceTree = "<group>";
		};
		043A1292232E3E6E00142302 /* Products */ = {
			isa = PBXGroup;
			children = (
				043A1291232E3E6E00142302 /* HelloMobiconf.app */,
			);
			name = Products;
			sourceTree = "<group>";
		};
		043A1293232E3E6E00142302 /* HelloMobiconf */ = {
			isa = PBXGroup;
			children = (
				043A1298232E3E6E00142302 /* Everything.swift */,
				043A129A232E3E7100142302 /* Assets.xcassets */,
				043A129F232E3E7100142302 /* LaunchScreen.storyboard */,
				043A12A2232E3E7100142302 /* Info.plist */,
				04425CD0234659EB00BFDCC0 /* App */,
				043A129C232E3E7100142302 /* Preview Content */,
			);
			path = HelloMobiconf;
			sourceTree = "<group>";
		};
		043A129C232E3E7100142302 /* Preview Content */ = {
			isa = PBXGroup;
			children = (
				043A129D232E3E7100142302 /* Preview Assets.xcassets */,
			);
			path = "Preview Content";
			sourceTree = "<group>";
		};
		04425CD0234659EB00BFDCC0 /* App */ = {
			isa = PBXGroup;
			children = (
				043A1294232E3E6E00142302 /* AppDelegate.swift */,
				043A1296232E3E6E00142302 /* SceneDelegate.swift */,
			);
			name = App;
			sourceTree = "<group>";
		};
/* End PBXGroup section */

/* Begin PBXNativeTarget section */
		043A1290232E3E6E00142302 /* HelloMobiconf */ = {
			isa = PBXNativeTarget;
			buildConfigurationList = 043A12A5232E3E7100142302 /* Build configuration list for PBXNativeTarget "HelloMobiconf" */;
			buildPhases = (
				043A128D232E3E6E00142302 /* Sources */,
				043A128E232E3E6E00142302 /* Frameworks */,
				043A128F232E3E6E00142302 /* Resources */,
			);
			buildRules = (
			);
			dependencies = (
			);
			name = HelloMobiconf;
			productName = HelloMobiconf;
			productReference = 043A1291232E3E6E00142302 /* HelloMobiconf.app */;
			productType = "com.apple.product-type.application";
		};
/* End PBXNativeTarget section */

/* Begin PBXProject section */
		043A1289232E3E6E00142302 /* Project object */ = {
			isa = PBXProject;
			attributes = {
				LastSwiftUpdateCheck = 1100;
				LastUpgradeCheck = 1100;
				ORGANIZATIONNAME = "Andrzej Zuzak";
				TargetAttributes = {
					043A1290232E3E6E00142302 = {
						CreatedOnToolsVersion = 11.0;
					};
				};
			};
			buildConfigurationList = 043A128C232E3E6E00142302 /* Build configuration list for PBXProject "HelloMobiconf" */;
			compatibilityVersion = "Xcode 9.3";
			developmentRegion = en;
			hasScannedForEncodings = 0;
			knownRegions = (
				en,
				Base,
			);
			mainGroup = 043A1288232E3E6E00142302;
			productRefGroup = 043A1292232E3E6E00142302 /* Products */;
			projectDirPath = "";
			projectRoot = "";
			targets = (
				043A1290232E3E6E00142302 /* HelloMobiconf */,
			);
		};
/* End PBXProject section */

/* Begin PBXResourcesBuildPhase section */
		043A128F232E3E6E00142302 /* Resources */ = {
			isa = PBXResourcesBuildPhase;
			buildActionMask = 2147483647;
			files = (
				043A12A1232E3E7100142302 /* LaunchScreen.storyboard in Resources */,
				043A129E232E3E7100142302 /* Preview Assets.xcassets in Resources */,
				043A129B232E3E7100142302 /* Assets.xcassets in Resources */,
			);
			runOnlyForDeploymentPostprocessing = 0;
		};
/* End PBXResourcesBuildPhase section */

/* Begin PBXSourcesBuildPhase section */
		043A128D232E3E6E00142302 /* Sources */ = {
			isa = PBXSourcesBuildPhase;
			buildActionMask = 2147483647;
			files = (
				043A1295232E3E6E00142302 /* AppDelegate.swift in Sources */,
				043A1297232E3E6E00142302 /* SceneDelegate.swift in Sources */,
				043A1299232E3E6E00142302 /* Everything.swift in Sources */,
			);
			runOnlyForDeploymentPostprocessing = 0;
		};
/* End PBXSourcesBuildPhase section */

/* Begin PBXVariantGroup section */
		043A129F232E3E7100142302 /* LaunchScreen.storyboard */ = {
			isa = PBXVariantGroup;
			children = (
				043A12A0232E3E7100142302 /* Base */,
			);
			name = LaunchScreen.storyboard;
			sourceTree = "<group>";
		};
/* End PBXVariantGroup section */

/* Begin XCBuildConfiguration section */
		043A12A3232E3E7100142302 /* Debug */ = {
			isa = XCBuildConfiguration;
			buildSettings = {
				ALWAYS_SEARCH_USER_PATHS = NO;
				CLANG_ANALYZER_NONNULL = YES;
				CLANG_ANALYZER_NUMBER_OBJECT_CONVERSION = YES_AGGRESSIVE;
				CLANG_CXX_LANGUAGE_STANDARD = "gnu++14";
				CLANG_CXX_LIBRARY = "libc++";
				CLANG_ENABLE_MODULES = YES;
				CLANG_ENABLE_OBJC_ARC = YES;
				CLANG_ENABLE_OBJC_WEAK = YES;
				CLANG_WARN_BLOCK_CAPTURE_AUTORELEASING = YES;
				CLANG_WARN_BOOL_CONVERSION = YES;
				CLANG_WARN_COMMA = YES;
				CLANG_WARN_CONSTANT_CONVERSION = YES;
				CLANG_WARN_DEPRECATED_OBJC_IMPLEMENTATIONS = YES;
				CLANG_WARN_DIRECT_OBJC_ISA_USAGE = YES_ERROR;
				CLANG_WARN_DOCUMENTATION_COMMENTS = YES;
				CLANG_WARN_EMPTY_BODY = YES;
				CLANG_WARN_ENUM_CONVERSION = YES;
				CLANG_WARN_INFINITE_RECURSION = YES;
				CLANG_WARN_INT_CONVERSION = YES;
				CLANG_WARN_NON_LITERAL_NULL_CONVERSION = YES;
				CLANG_WARN_OBJC_IMPLICIT_RETAIN_SELF = YES;
				CLANG_WARN_OBJC_LITERAL_CONVERSION = YES;
				CLANG_WARN_OBJC_ROOT_CLASS = YES_ERROR;
				CLANG_WARN_RANGE_LOOP_ANALYSIS = YES;
				CLANG_WARN_STRICT_PROTOTYPES = YES;
				CLANG_WARN_SUSPICIOUS_MOVE = YES;
				CLANG_WARN_UNGUARDED_AVAILABILITY = YES_AGGRESSIVE;
				CLANG_WARN_UNREACHABLE_CODE = YES;
				CLANG_WARN__DUPLICATE_METHOD_MATCH = YES;
				COPY_PHASE_STRIP = NO;
				DEBUG_INFORMATION_FORMAT = dwarf;
				ENABLE_STRICT_OBJC_MSGSEND = YES;
				ENABLE_TESTABILITY = YES;
				GCC_C_LANGUAGE_STANDARD = gnu11;
				GCC_DYNAMIC_NO_PIC = NO;
				GCC_NO_COMMON_BLOCKS = YES;
				GCC_OPTIMIZATION_LEVEL = 0;
				GCC_PREPROCESSOR_DEFINITIONS = (
					"DEBUG=1",
					"$(inherited)",
				);
				GCC_WARN_64_TO_32_BIT_CONVERSION = YES;
				GCC_WARN_ABOUT_RETURN_TYPE = YES_ERROR;
				GCC_WARN_UNDECLARED_SELECTOR = YES;
				GCC_WARN_UNINITIALIZED_AUTOS = YES_AGGRESSIVE;
				GCC_WARN_UNUSED_FUNCTION = YES;
				GCC_WARN_UNUSED_VARIABLE = YES;
				IPHONEOS_DEPLOYMENT_TARGET = 13.0;
				MTL_ENABLE_DEBUG_INFO = INCLUDE_SOURCE;
				MTL_FAST_MATH = YES;
				ONLY_ACTIVE_ARCH = YES;
				SDKROOT = iphoneos;
				SWIFT_ACTIVE_COMPILATION_CONDITIONS = DEBUG;
				SWIFT_OPTIMIZATION_LEVEL = "-Onone";
			};
			name = Debug;
		};
		043A12A4232E3E7100142302 /* Release */ = {
			isa = XCBuildConfiguration;
			buildSettings = {
				ALWAYS_SEARCH_USER_PATHS = NO;
				CLANG_ANALYZER_NONNULL = YES;
				CLANG_ANALYZER_NUMBER_OBJECT_CONVERSION = YES_AGGRESSIVE;
				CLANG_CXX_LANGUAGE_STANDARD = "gnu++14";
				CLANG_CXX_LIBRARY = "libc++";
				CLANG_ENABLE_MODULES = YES;
				CLANG_ENABLE_OBJC_ARC = YES;
				CLANG_ENABLE_OBJC_WEAK = YES;
				CLANG_WARN_BLOCK_CAPTURE_AUTORELEASING = YES;
				CLANG_WARN_BOOL_CONVERSION = YES;
				CLANG_WARN_COMMA = YES;
				CLANG_WARN_CONSTANT_CONVERSION = YES;
				CLANG_WARN_DEPRECATED_OBJC_IMPLEMENTATIONS = YES;
				CLANG_WARN_DIRECT_OBJC_ISA_USAGE = YES_ERROR;
				CLANG_WARN_DOCUMENTATION_COMMENTS = YES;
				CLANG_WARN_EMPTY_BODY = YES;
				CLANG_WARN_ENUM_CONVERSION = YES;
				CLANG_WARN_INFINITE_RECURSION = YES;
				CLANG_WARN_INT_CONVERSION = YES;
				CLANG_WARN_NON_LITERAL_NULL_CONVERSION = YES;
				CLANG_WARN_OBJC_IMPLICIT_RETAIN_SELF = YES;
				CLANG_WARN_OBJC_LITERAL_CONVERSION = YES;
				CLANG_WARN_OBJC_ROOT_CLASS = YES_ERROR;
				CLANG_WARN_RANGE_LOOP_ANALYSIS = YES;
				CLANG_WARN_STRICT_PROTOTYPES = YES;
				CLANG_WARN_SUSPICIOUS_MOVE = YES;
				CLANG_WARN_UNGUARDED_AVAILABILITY = YES_AGGRESSIVE;
				CLANG_WARN_UNREACHABLE_CODE = YES;
				CLANG_WARN__DUPLICATE_METHOD_MATCH = YES;
				COPY_PHASE_STRIP = NO;
				DEBUG_INFORMATION_FORMAT = "dwarf-with-dsym";
				ENABLE_NS_ASSERTIONS = NO;
				ENABLE_STRICT_OBJC_MSGSEND = YES;
				GCC_C_LANGUAGE_STANDARD = gnu11;
				GCC_NO_COMMON_BLOCKS = YES;
				GCC_WARN_64_TO_32_BIT_CONVERSION = YES;
				GCC_WARN_ABOUT_RETURN_TYPE = YES_ERROR;
				GCC_WARN_UNDECLARED_SELECTOR = YES;
				GCC_WARN_UNINITIALIZED_AUTOS = YES_AGGRESSIVE;
				GCC_WARN_UNUSED_FUNCTION = YES;
				GCC_WARN_UNUSED_VARIABLE = YES;
				IPHONEOS_DEPLOYMENT_TARGET = 13.0;
				MTL_ENABLE_DEBUG_INFO = NO;
				MTL_FAST_MATH = YES;
				SDKROOT = iphoneos;
				SWIFT_COMPILATION_MODE = wholemodule;
				SWIFT_OPTIMIZATION_LEVEL = "-O";
				VALIDATE_PRODUCT = YES;
			};
			name = Release;
		};
		043A12A6232E3E7100142302 /* Debug */ = {
			isa = XCBuildConfiguration;
			buildSettings = {
				ASSETCATALOG_COMPILER_APPICON_NAME = AppIcon;
				CODE_SIGN_STYLE = Automatic;
				DEVELOPMENT_ASSET_PATHS = "\"HelloMobiconf/Preview Content\"";
				ENABLE_PREVIEWS = YES;
				INFOPLIST_FILE = HelloMobiconf/Info.plist;
				LD_RUNPATH_SEARCH_PATHS = (
					"$(inherited)",
					"@executable_path/Frameworks",
				);
				PRODUCT_BUNDLE_IDENTIFIER = com.zuzak.HelloMobiconf;
				PRODUCT_NAME = "$(TARGET_NAME)";
				SWIFT_VERSION = 5.0;
				TARGETED_DEVICE_FAMILY = "1,2";
			};
			name = Debug;
		};
		043A12A7232E3E7100142302 /* Release */ = {
			isa = XCBuildConfiguration;
			buildSettings = {
				ASSETCATALOG_COMPILER_APPICON_NAME = AppIcon;
				CODE_SIGN_STYLE = Automatic;
				DEVELOPMENT_ASSET_PATHS = "\"HelloMobiconf/Preview Content\"";
				ENABLE_PREVIEWS = YES;
				INFOPLIST_FILE = HelloMobiconf/Info.plist;
				LD_RUNPATH_SEARCH_PATHS = (
					"$(inherited)",
					"@executable_path/Frameworks",
				);
				PRODUCT_BUNDLE_IDENTIFIER = com.zuzak.HelloMobiconf;
				PRODUCT_NAME = "$(TARGET_NAME)";
				SWIFT_VERSION = 5.0;
				TARGETED_DEVICE_FAMILY = "1,2";
			};
			name = Release;
		};
/* End XCBuildConfiguration section */

/* Begin XCConfigurationList section */
		043A128C232E3E6E00142302 /* Build configuration list for PBXProject "HelloMobiconf" */ = {
			isa = XCConfigurationList;
			buildConfigurations = (
				043A12A3232E3E7100142302 /* Debug */,
				043A12A4232E3E7100142302 /* Release */,
			);
			defaultConfigurationIsVisible = 0;
			defaultConfigurationName = Release;
		};
		043A12A5232E3E7100142302 /* Build configuration list for PBXNativeTarget "HelloMobiconf" */ = {
			isa = XCConfigurationList;
			buildConfigurations = (
				043A12A6232E3E7100142302 /* Debug */,
				043A12A7232E3E7100142302 /* Release */,
			);
			defaultConfigurationIsVisible = 0;
			defaultConfigurationName = Release;
		};
/* End XCConfigurationList section */
	};
	rootObject = 043A1289232E3E6E00142302 /* Project object */;
}
